
Microsoft Visual Studio Solution File, Format Version 12.00
# Visual Studio Version 17
VisualStudioVersion = 17.8.34330.188
MinimumVisualStudioVersion = 10.0.40219.1
Project("{FAE04EC0-301F-11D3-BF4B-00C04F79EFBC}") = "Lista06", "Lista06.csproj", "{B190974F-7982-4879-A848-2E91907966DD}"
EndProject
Global
	GlobalSection(SolutionConfigurationPlatforms) = preSolution
		Debug|Any CPU = Debug|Any CPU
		Release|Any CPU = Release|Any CPU
	EndGlobalSection
	GlobalSection(ProjectConfigurationPlatforms) = postSolution
		{B190974F-7982-4879-A848-2E91907966DD}.Debug|Any CPU.ActiveCfg = Debug|Any CPU
		{B190974F-7982-4879-A848-2E91907966DD}.Debug|Any CPU.Build.0 = Debug|Any CPU
		{B190974F-7982-4879-A848-2E91907966DD}.Release|Any CPU.ActiveCfg = Release|Any CPU
		{B190974F-7982-4879-A848-2E91907966DD}.Release|Any CPU.Build.0 = Release|Any CPU
	EndGlobalSection
	GlobalSection(SolutionProperties) = preSolution
		HideSolutionNode = FALSE
	EndGlobalSection
	GlobalSection(ExtensibilityGlobals) = postSolution
		SolutionGuid = {325E86B0-E665-4C06-83C8-28635C7E71D7}
	EndGlobalSection
EndGlobal
