
Microsoft Visual Studio Solution File, Format Version 12.00
# Visual Studio Version 17
VisualStudioVersion = 17.7.34221.43
MinimumVisualStudioVersion = 10.0.40219.1
Project("{FAE04EC0-301F-11D3-BF4B-00C04F79EFBC}") = "Matriz03", "Matriz03.csproj", "{C7C96BDB-57AD-4F31-A249-EE2204A18ACB}"
EndProject
Global
	GlobalSection(SolutionConfigurationPlatforms) = preSolution
		Debug|Any CPU = Debug|Any CPU
		Release|Any CPU = Release|Any CPU
	EndGlobalSection
	GlobalSection(ProjectConfigurationPlatforms) = postSolution
		{C7C96BDB-57AD-4F31-A249-EE2204A18ACB}.Debug|Any CPU.ActiveCfg = Debug|Any CPU
		{C7C96BDB-57AD-4F31-A249-EE2204A18ACB}.Debug|Any CPU.Build.0 = Debug|Any CPU
		{C7C96BDB-57AD-4F31-A249-EE2204A18ACB}.Release|Any CPU.ActiveCfg = Release|Any CPU
		{C7C96BDB-57AD-4F31-A249-EE2204A18ACB}.Release|Any CPU.Build.0 = Release|Any CPU
	EndGlobalSection
	GlobalSection(SolutionProperties) = preSolution
		HideSolutionNode = FALSE
	EndGlobalSection
	GlobalSection(ExtensibilityGlobals) = postSolution
		SolutionGuid = {47A5C731-5269-4ACD-9343-52DA875B6E60}
	EndGlobalSection
EndGlobal
