
Microsoft Visual Studio Solution File, Format Version 12.00
# Visual Studio Version 17
VisualStudioVersion = 17.10.35004.147
MinimumVisualStudioVersion = 10.0.40219.1
Project("{FAE04EC0-301F-11D3-BF4B-00C04F79EFBC}") = "VetorClasse02", "VetorClasse02.csproj", "{CDEEB963-1D40-4A9C-8331-773F0E416D83}"
EndProject
Global
	GlobalSection(SolutionConfigurationPlatforms) = preSolution
		Debug|Any CPU = Debug|Any CPU
		Release|Any CPU = Release|Any CPU
	EndGlobalSection
	GlobalSection(ProjectConfigurationPlatforms) = postSolution
		{CDEEB963-1D40-4A9C-8331-773F0E416D83}.Debug|Any CPU.ActiveCfg = Debug|Any CPU
		{CDEEB963-1D40-4A9C-8331-773F0E416D83}.Debug|Any CPU.Build.0 = Debug|Any CPU
		{CDEEB963-1D40-4A9C-8331-773F0E416D83}.Release|Any CPU.ActiveCfg = Release|Any CPU
		{CDEEB963-1D40-4A9C-8331-773F0E416D83}.Release|Any CPU.Build.0 = Release|Any CPU
	EndGlobalSection
	GlobalSection(SolutionProperties) = preSolution
		HideSolutionNode = FALSE
	EndGlobalSection
	GlobalSection(ExtensibilityGlobals) = postSolution
		SolutionGuid = {EB566FE8-6147-47C4-9D4F-264FD5065CE0}
	EndGlobalSection
EndGlobal
