
Microsoft Visual Studio Solution File, Format Version 12.00
# Visual Studio Version 17
VisualStudioVersion = 17.10.35004.147
MinimumVisualStudioVersion = 10.0.40219.1
Project("{FAE04EC0-301F-11D3-BF4B-00C04F79EFBC}") = "Matriz08", "Matriz08.csproj", "{6090EFAC-4A0B-4CA5-BEAF-6005DD45D0F1}"
EndProject
Global
	GlobalSection(SolutionConfigurationPlatforms) = preSolution
		Debug|Any CPU = Debug|Any CPU
		Release|Any CPU = Release|Any CPU
	EndGlobalSection
	GlobalSection(ProjectConfigurationPlatforms) = postSolution
		{6090EFAC-4A0B-4CA5-BEAF-6005DD45D0F1}.Debug|Any CPU.ActiveCfg = Debug|Any CPU
		{6090EFAC-4A0B-4CA5-BEAF-6005DD45D0F1}.Debug|Any CPU.Build.0 = Debug|Any CPU
		{6090EFAC-4A0B-4CA5-BEAF-6005DD45D0F1}.Release|Any CPU.ActiveCfg = Release|Any CPU
		{6090EFAC-4A0B-4CA5-BEAF-6005DD45D0F1}.Release|Any CPU.Build.0 = Release|Any CPU
	EndGlobalSection
	GlobalSection(SolutionProperties) = preSolution
		HideSolutionNode = FALSE
	EndGlobalSection
	GlobalSection(ExtensibilityGlobals) = postSolution
		SolutionGuid = {0FD3B9D3-668B-416A-9207-BED3503CB348}
	EndGlobalSection
EndGlobal
