
Microsoft Visual Studio Solution File, Format Version 12.00
# Visual Studio Version 17
VisualStudioVersion = 17.7.34221.43
MinimumVisualStudioVersion = 10.0.40219.1
Project("{FAE04EC0-301F-11D3-BF4B-00C04F79EFBC}") = "Vetor04", "Vetor04.csproj", "{0FC2CDBE-2404-4158-BBB4-2D8C29D063B9}"
EndProject
Global
	GlobalSection(SolutionConfigurationPlatforms) = preSolution
		Debug|Any CPU = Debug|Any CPU
		Release|Any CPU = Release|Any CPU
	EndGlobalSection
	GlobalSection(ProjectConfigurationPlatforms) = postSolution
		{0FC2CDBE-2404-4158-BBB4-2D8C29D063B9}.Debug|Any CPU.ActiveCfg = Debug|Any CPU
		{0FC2CDBE-2404-4158-BBB4-2D8C29D063B9}.Debug|Any CPU.Build.0 = Debug|Any CPU
		{0FC2CDBE-2404-4158-BBB4-2D8C29D063B9}.Release|Any CPU.ActiveCfg = Release|Any CPU
		{0FC2CDBE-2404-4158-BBB4-2D8C29D063B9}.Release|Any CPU.Build.0 = Release|Any CPU
	EndGlobalSection
	GlobalSection(SolutionProperties) = preSolution
		HideSolutionNode = FALSE
	EndGlobalSection
	GlobalSection(ExtensibilityGlobals) = postSolution
		SolutionGuid = {FD6A50EA-907A-408B-AADC-68C300F3A254}
	EndGlobalSection
EndGlobal
