
Microsoft Visual Studio Solution File, Format Version 12.00
# Visual Studio Version 17
VisualStudioVersion = 17.10.35013.160
MinimumVisualStudioVersion = 10.0.40219.1
Project("{FAE04EC0-301F-11D3-BF4B-00C04F79EFBC}") = "Enumerate01", "Enumerate01.csproj", "{CF47EB5B-BDDB-4F66-9F57-0C615D1760C7}"
EndProject
Global
	GlobalSection(SolutionConfigurationPlatforms) = preSolution
		Debug|Any CPU = Debug|Any CPU
		Release|Any CPU = Release|Any CPU
	EndGlobalSection
	GlobalSection(ProjectConfigurationPlatforms) = postSolution
		{CF47EB5B-BDDB-4F66-9F57-0C615D1760C7}.Debug|Any CPU.ActiveCfg = Debug|Any CPU
		{CF47EB5B-BDDB-4F66-9F57-0C615D1760C7}.Debug|Any CPU.Build.0 = Debug|Any CPU
		{CF47EB5B-BDDB-4F66-9F57-0C615D1760C7}.Release|Any CPU.ActiveCfg = Release|Any CPU
		{CF47EB5B-BDDB-4F66-9F57-0C615D1760C7}.Release|Any CPU.Build.0 = Release|Any CPU
	EndGlobalSection
	GlobalSection(SolutionProperties) = preSolution
		HideSolutionNode = FALSE
	EndGlobalSection
	GlobalSection(ExtensibilityGlobals) = postSolution
		SolutionGuid = {6E5999CF-0F5E-48B9-BBBF-4DA86DB7ACB2}
	EndGlobalSection
EndGlobal
