
Microsoft Visual Studio Solution File, Format Version 12.00
# Visual Studio Version 17
VisualStudioVersion = 17.7.34221.43
MinimumVisualStudioVersion = 10.0.40219.1
Project("{FAE04EC0-301F-11D3-BF4B-00C04F79EFBC}") = "Vetor07", "Vetor07.csproj", "{8237ED8F-53DC-4D9B-987A-512AD65BD024}"
EndProject
Global
	GlobalSection(SolutionConfigurationPlatforms) = preSolution
		Debug|Any CPU = Debug|Any CPU
		Release|Any CPU = Release|Any CPU
	EndGlobalSection
	GlobalSection(ProjectConfigurationPlatforms) = postSolution
		{8237ED8F-53DC-4D9B-987A-512AD65BD024}.Debug|Any CPU.ActiveCfg = Debug|Any CPU
		{8237ED8F-53DC-4D9B-987A-512AD65BD024}.Debug|Any CPU.Build.0 = Debug|Any CPU
		{8237ED8F-53DC-4D9B-987A-512AD65BD024}.Release|Any CPU.ActiveCfg = Release|Any CPU
		{8237ED8F-53DC-4D9B-987A-512AD65BD024}.Release|Any CPU.Build.0 = Release|Any CPU
	EndGlobalSection
	GlobalSection(SolutionProperties) = preSolution
		HideSolutionNode = FALSE
	EndGlobalSection
	GlobalSection(ExtensibilityGlobals) = postSolution
		SolutionGuid = {ADCDCA6F-91CC-4BB0-97CE-5E97B8DF35E8}
	EndGlobalSection
EndGlobal
