
Microsoft Visual Studio Solution File, Format Version 12.00
# Visual Studio Version 17
VisualStudioVersion = 17.7.34221.43
MinimumVisualStudioVersion = 10.0.40219.1
Project("{FAE04EC0-301F-11D3-BF4B-00C04F79EFBC}") = "Estudante", "Estudante.csproj", "{9573D31A-B477-4518-BA38-B4037BA27AA4}"
EndProject
Global
	GlobalSection(SolutionConfigurationPlatforms) = preSolution
		Debug|Any CPU = Debug|Any CPU
		Release|Any CPU = Release|Any CPU
	EndGlobalSection
	GlobalSection(ProjectConfigurationPlatforms) = postSolution
		{9573D31A-B477-4518-BA38-B4037BA27AA4}.Debug|Any CPU.ActiveCfg = Debug|Any CPU
		{9573D31A-B477-4518-BA38-B4037BA27AA4}.Debug|Any CPU.Build.0 = Debug|Any CPU
		{9573D31A-B477-4518-BA38-B4037BA27AA4}.Release|Any CPU.ActiveCfg = Release|Any CPU
		{9573D31A-B477-4518-BA38-B4037BA27AA4}.Release|Any CPU.Build.0 = Release|Any CPU
	EndGlobalSection
	GlobalSection(SolutionProperties) = preSolution
		HideSolutionNode = FALSE
	EndGlobalSection
	GlobalSection(ExtensibilityGlobals) = postSolution
		SolutionGuid = {8AAF2F16-0365-49D3-8B39-27CEDE427069}
	EndGlobalSection
EndGlobal
