
Microsoft Visual Studio Solution File, Format Version 12.00
# Visual Studio Version 17
VisualStudioVersion = 17.7.34031.279
MinimumVisualStudioVersion = 10.0.40219.1
Project("{FAE04EC0-301F-11D3-BF4B-00C04F79EFBC}") = "Exercicios_estruturaFor", "Exercicios_estruturaFor\Exercicios_estruturaFor.csproj", "{91907278-7FFF-4496-925A-DF8A761D1BCC}"
EndProject
Global
	GlobalSection(SolutionConfigurationPlatforms) = preSolution
		Debug|Any CPU = Debug|Any CPU
		Release|Any CPU = Release|Any CPU
	EndGlobalSection
	GlobalSection(ProjectConfigurationPlatforms) = postSolution
		{91907278-7FFF-4496-925A-DF8A761D1BCC}.Debug|Any CPU.ActiveCfg = Debug|Any CPU
		{91907278-7FFF-4496-925A-DF8A761D1BCC}.Debug|Any CPU.Build.0 = Debug|Any CPU
		{91907278-7FFF-4496-925A-DF8A761D1BCC}.Release|Any CPU.ActiveCfg = Release|Any CPU
		{91907278-7FFF-4496-925A-DF8A761D1BCC}.Release|Any CPU.Build.0 = Release|Any CPU
	EndGlobalSection
	GlobalSection(SolutionProperties) = preSolution
		HideSolutionNode = FALSE
	EndGlobalSection
	GlobalSection(ExtensibilityGlobals) = postSolution
		SolutionGuid = {729A53DB-3A5F-4EB6-856E-1C9A53E9302B}
	EndGlobalSection
EndGlobal
