
Microsoft Visual Studio Solution File, Format Version 12.00
# Visual Studio Version 17
VisualStudioVersion = 17.7.34221.43
MinimumVisualStudioVersion = 10.0.40219.1
Project("{FAE04EC0-301F-11D3-BF4B-00C04F79EFBC}") = "Empregado", "Empregado.csproj", "{BE75D1B5-E293-4850-9532-A28C3A9FC06F}"
EndProject
Global
	GlobalSection(SolutionConfigurationPlatforms) = preSolution
		Debug|Any CPU = Debug|Any CPU
		Release|Any CPU = Release|Any CPU
	EndGlobalSection
	GlobalSection(ProjectConfigurationPlatforms) = postSolution
		{BE75D1B5-E293-4850-9532-A28C3A9FC06F}.Debug|Any CPU.ActiveCfg = Debug|Any CPU
		{BE75D1B5-E293-4850-9532-A28C3A9FC06F}.Debug|Any CPU.Build.0 = Debug|Any CPU
		{BE75D1B5-E293-4850-9532-A28C3A9FC06F}.Release|Any CPU.ActiveCfg = Release|Any CPU
		{BE75D1B5-E293-4850-9532-A28C3A9FC06F}.Release|Any CPU.Build.0 = Release|Any CPU
	EndGlobalSection
	GlobalSection(SolutionProperties) = preSolution
		HideSolutionNode = FALSE
	EndGlobalSection
	GlobalSection(ExtensibilityGlobals) = postSolution
		SolutionGuid = {2B612CD3-B3DB-4085-963C-16DC99E1BF9D}
	EndGlobalSection
EndGlobal
