
Microsoft Visual Studio Solution File, Format Version 12.00
# Visual Studio Version 17
VisualStudioVersion = 17.6.33829.357
MinimumVisualStudioVersion = 10.0.40219.1
Project("{FAE04EC0-301F-11D3-BF4B-00C04F79EFBC}") = "Estrutura_Condicional_Ex", "Estrutura_Condicional_Ex\Estrutura_Condicional_Ex.csproj", "{682FE4E4-3ECA-4212-9557-C2CBED294FAF}"
EndProject
Global
	GlobalSection(SolutionConfigurationPlatforms) = preSolution
		Debug|Any CPU = Debug|Any CPU
		Release|Any CPU = Release|Any CPU
	EndGlobalSection
	GlobalSection(ProjectConfigurationPlatforms) = postSolution
		{682FE4E4-3ECA-4212-9557-C2CBED294FAF}.Debug|Any CPU.ActiveCfg = Debug|Any CPU
		{682FE4E4-3ECA-4212-9557-C2CBED294FAF}.Debug|Any CPU.Build.0 = Debug|Any CPU
		{682FE4E4-3ECA-4212-9557-C2CBED294FAF}.Release|Any CPU.ActiveCfg = Release|Any CPU
		{682FE4E4-3ECA-4212-9557-C2CBED294FAF}.Release|Any CPU.Build.0 = Release|Any CPU
	EndGlobalSection
	GlobalSection(SolutionProperties) = preSolution
		HideSolutionNode = FALSE
	EndGlobalSection
	GlobalSection(ExtensibilityGlobals) = postSolution
		SolutionGuid = {D8EF335F-A6E4-489B-81B2-1C478FC1BD6B}
	EndGlobalSection
EndGlobal
